
Microsoft Visual Studio Solution File, Format Version 12.00
# Visual Studio Version 16
VisualStudioVersion = 16.0.32630.194
MinimumVisualStudioVersion = 10.0.40219.1
Project("{FAE04EC0-301F-11D3-BF4B-00C04F79EFBC}") = "IPortfolioProject", "IPortfolioProject.csproj", "{6A9042D5-51FA-4BE6-9D5F-2B981618B9D8}"
EndProject
Global
	GlobalSection(SolutionConfigurationPlatforms) = preSolution
		Debug|Any CPU = Debug|Any CPU
		Release|Any CPU = Release|Any CPU
	EndGlobalSection
	GlobalSection(ProjectConfigurationPlatforms) = postSolution
		{6A9042D5-51FA-4BE6-9D5F-2B981618B9D8}.Debug|Any CPU.ActiveCfg = Debug|Any CPU
		{6A9042D5-51FA-4BE6-9D5F-2B981618B9D8}.Debug|Any CPU.Build.0 = Debug|Any CPU
		{6A9042D5-51FA-4BE6-9D5F-2B981618B9D8}.Release|Any CPU.ActiveCfg = Release|Any CPU
		{6A9042D5-51FA-4BE6-9D5F-2B981618B9D8}.Release|Any CPU.Build.0 = Release|Any CPU
	EndGlobalSection
	GlobalSection(SolutionProperties) = preSolution
		HideSolutionNode = FALSE
	EndGlobalSection
	GlobalSection(ExtensibilityGlobals) = postSolution
		SolutionGuid = {FB19123A-D586-483C-A6C4-E8464BEA8861}
	EndGlobalSection
EndGlobal
